{
    "_readme": [
        "This file locks the dependencies of your project to a known state",
        "Read more about it at http://getcomposer.org/doc/01-basic-usage.md#composer-lock-the-lock-file"
    ],
    "hash": "af616ad57e5c70f37ad94889007a74ac",
    "packages": [
        {
            "name": "zendframework/zend-memory",
            "version": "2.2.5",
            "target-dir": "Zend/Memory",
            "source": {
                "type": "git",
                "url": "https://github.com/zendframework/Component_ZendMemory.git",
                "reference": "84404b02a3f7f8de168bdc9fd9d17ab69fad5a51"
            },
            "dist": {
                "type": "zip",
                "url": "https://packages.zendframework.com/composer/zendframework-zend-memory-84404b02a3f7f8de168bdc9fd9d17ab69fad5a51-zip-4b5a42.zip",
                "reference": "2.2.5",
                "shasum": "32087235cc01933de31cdf6f9638401715f75d3c"
            },
            "require": {
                "php": ">=5.3.3"
            },
            "suggest": {
                "zendframework/zend-cache": "To support swap the memory objects"
            },
            "type": "library",
            "extra": {
                "branch-alias": {
                    "dev-master": "2.2-dev",
                    "dev-develop": "2.3-dev"
                }
            },
            "autoload": {
                "psr-0": {
                    "Zend\\Memory\\": ""
                }
            },
            "license": [
                "BSD-3-Clause"
            ],
            "description": " ",
            "keywords": [
                "memory",
                "zf2"
            ],
            "support": {
                "source": "https://github.com/zendframework/Component_ZendMemory/tree/release-2.2.5"
            },
            "time": "2013-10-16 23:00:05"
        },
        {
            "name": "zendframework/zend-stdlib",
            "version": "2.2.5",
            "target-dir": "Zend/Stdlib",
            "source": {
                "type": "git",
                "url": "https://github.com/zendframework/Component_ZendStdlib.git",
                "reference": "f440ecfc828d61d620662a03987c8287e1e4801e"
            },
            "dist": {
                "type": "zip",
                "url": "https://packages.zendframework.com/composer/zendframework-zend-stdlib-f440ecfc828d61d620662a03987c8287e1e4801e-zip-7e3c9b.zip",
                "reference": "2.2.5",
                "shasum": "d142b30e831141bcf5ed77e0d3ebd9356afcf9ce"
            },
            "require": {
                "php": ">=5.3.3"
            },
            "suggest": {
                "zendframework/zend-eventmanager": "To support aggregate hydrator usage",
                "zendframework/zend-servicemanager": "To support hydrator plugin manager usage"
            },
            "type": "library",
            "extra": {
                "branch-alias": {
                    "dev-master": "2.2-dev",
                    "dev-develop": "2.3-dev"
                }
            },
            "autoload": {
                "psr-0": {
                    "Zend\\Stdlib\\": ""
                }
            },
            "license": [
                "BSD-3-Clause"
            ],
            "description": " ",
            "keywords": [
                "stdlib",
                "zf2"
            ],
            "support": {
                "source": "https://github.com/zendframework/Component_ZendStdlib/tree/release-2.2.5"
            },
            "time": "2013-10-20 06:00:20"
        }
    ],
    "packages-dev": [

    ],
    "aliases": [

    ],
    "minimum-stability": "stable",
    "stability-flags": [

    ],
    "platform": {
        "php": ">=5.3.3"
    },
    "platform-dev": [

    ]
}
